# THIS IS AN AUTOGENERATED FILE. DO NOT EDIT THIS FILE DIRECTLY.
# yarn lockfile v1


"@types/debug@^4.1.7":
  "integrity" "sha512-9AonUzyTjXXhEOa0DnqpzZi6VHlqKMswga9EXjpXnnqxwLtdvPPtlO8evrI5D9S6asFRCQ6v+wpiUKbw+vKqyg=="
  "resolved" "https://registry.npmjs.org/@types/debug/-/debug-4.1.7.tgz"
  "version" "4.1.7"
  dependencies:
    "@types/ms" "*"

"@types/ms@*":
  "integrity" "sha512-iiUgKzV9AuaEkZqkOLDIvlQiL6ltuZd9tGcW3gwpnX8JbuiuhFlEGmmFXEXkN50Cvq7Os88IY2v0dkDqXYWVgA=="
  "resolved" "https://registry.npmjs.org/@types/ms/-/ms-0.7.31.tgz"
  "version" "0.7.31"

"@types/node@*":
  "integrity" "sha512-1uEQxww3DaghA0RxqHx0O0ppVlo43pJhepY51OxuQIKHpjbnYLA7vcdwioNPzIqmC2u3I/dmylcqjlh0e7AyUA=="
  "resolved" "https://registry.npmjs.org/@types/node/-/node-18.14.2.tgz"
  "version" "18.14.2"

"@types/validator@^13.7.1":
  "integrity" "sha512-YVtyAPqpefU+Mm/qqnOANW6IkqKpCSrarcyV269C8MA8Ux0dbkEuQwM/4CjL47kVEM2LgBef/ETfkH+c6+moFA=="
  "resolved" "https://registry.npmjs.org/@types/validator/-/validator-13.7.12.tgz"
  "version" "13.7.12"

"asynckit@^0.4.0":
  "integrity" "sha512-Oei9OH4tRh0YqU3GxhX79dM/mwVgvbZJaSNaRk+bshkj0S5cfHcgYakreBjrHwatXKbz+IoIdYLxrKim2MjW0Q=="
  "resolved" "https://registry.npmjs.org/asynckit/-/asynckit-0.4.0.tgz"
  "version" "0.4.0"

"axios@^1.3.4":
  "integrity" "sha512-toYm+Bsyl6VC5wSkfkbbNB6ROv7KY93PEBBL6xyDczaIHasAiv4wPqQ/c4RjoQzipxRD2W5g21cOqQulZ7rHwQ=="
  "resolved" "https://registry.npmjs.org/axios/-/axios-1.3.4.tgz"
  "version" "1.3.4"
  dependencies:
    "follow-redirects" "^1.15.0"
    "form-data" "^4.0.0"
    "proxy-from-env" "^1.1.0"

"buffer-writer@2.0.0":
  "integrity" "sha512-a7ZpuTZU1TRtnwyCNW3I5dc0wWNC3VR9S++Ewyk2HHZdrO3CQJqSpd+95Us590V6AL7JqUAH2IwZ/398PmNFgw=="
  "resolved" "https://registry.npmjs.org/buffer-writer/-/buffer-writer-2.0.0.tgz"
  "version" "2.0.0"

"combined-stream@^1.0.8":
  "integrity" "sha512-FQN4MRfuJeHf7cBbBMJFXhKSDq+2kAArBlmRBvcvFE5BB1HZKXtSFASDhdlz9zOYwxh8lDdnvmMOe/+5cdoEdg=="
  "resolved" "https://registry.npmjs.org/combined-stream/-/combined-stream-1.0.8.tgz"
  "version" "1.0.8"
  dependencies:
    "delayed-stream" "~1.0.0"

"dayjs@^1.11.7":
  "integrity" "sha512-+Yw9U6YO5TQohxLcIkrXBeY73WP3ejHWVvx8XCk3gxvQDCTEmS48ZrSZCKciI7Bhl/uCMyxYtE9UqRILmFphkQ=="
  "resolved" "https://registry.npmjs.org/dayjs/-/dayjs-1.11.7.tgz"
  "version" "1.11.7"

"debug@^4.3.3":
  "integrity" "sha512-PRWFHuSU3eDtQJPvnNY7Jcket1j0t5OuOsFzPPzsekD52Zl8qUfFIPEiswXqIvHWGVHOgX+7G/vCNNhehwxfkQ=="
  "resolved" "https://registry.npmjs.org/debug/-/debug-4.3.4.tgz"
  "version" "4.3.4"
  dependencies:
    "ms" "2.1.2"

"delayed-stream@~1.0.0":
  "integrity" "sha512-ZySD7Nf91aLB0RxL4KGrKHBXl7Eds1DAmEdcoVawXnLD7SDhpNgtuII2aAkg7a7QS41jxPSZ17p4VdGnMHk3MQ=="
  "resolved" "https://registry.npmjs.org/delayed-stream/-/delayed-stream-1.0.0.tgz"
  "version" "1.0.0"

"dottie@^2.0.2":
  "integrity" "sha512-4liA0PuRkZWQFQjwBypdxPfZaRWiv5tkhMXY2hzsa2pNf5s7U3m9cwUchfNKe8wZQxdGPQQzO6Rm2uGe0rvohQ=="
  "resolved" "https://registry.npmjs.org/dottie/-/dottie-2.0.3.tgz"
  "version" "2.0.3"

"follow-redirects@^1.15.0":
  "integrity" "sha512-VQLG33o04KaQ8uYi2tVNbdrWp1QWxNNea+nmIB4EVM28v0hmP17z7aG1+wAkNzVq4KeXTq3221ye5qTJP91JwA=="
  "resolved" "https://registry.npmjs.org/follow-redirects/-/follow-redirects-1.15.2.tgz"
  "version" "1.15.2"

"form-data@^4.0.0":
  "integrity" "sha512-ETEklSGi5t0QMZuiXoA/Q6vcnxcLQP5vdugSpuAyi6SVGi2clPPp+xgEhuMaHC+zGgn31Kd235W35f7Hykkaww=="
  "resolved" "https://registry.npmjs.org/form-data/-/form-data-4.0.0.tgz"
  "version" "4.0.0"
  dependencies:
    "asynckit" "^0.4.0"
    "combined-stream" "^1.0.8"
    "mime-types" "^2.1.12"

"inflection@^1.13.2":
  "integrity" "sha512-6I/HUDeYFfuNCVS3td055BaXBwKYuzw7K3ExVMStBowKo9oOAMJIXIHvdyR3iboTCp1b+1i5DSkIZTcwIktuDw=="
  "resolved" "https://registry.npmjs.org/inflection/-/inflection-1.13.4.tgz"
  "version" "1.13.4"

"lodash@^4.17.21":
  "integrity" "sha512-v2kDEe57lecTulaDIuNTPy3Ry4gLGJ6Z1O3vE1krgXZNrsQ+LFTGHVxVjcXPs17LhbZVGedAJv8XZ1tvj5FvSg=="
  "resolved" "https://registry.npmjs.org/lodash/-/lodash-4.17.21.tgz"
  "version" "4.17.21"

"lru-cache@^6.0.0":
  "integrity" "sha512-Jo6dJ04CmSjuznwJSS3pUeWmd/H0ffTlkXXgwZi+eq1UCmqQwCh+eLsYOYCwY991i2Fah4h1BEMCx4qThGbsiA=="
  "resolved" "https://registry.npmjs.org/lru-cache/-/lru-cache-6.0.0.tgz"
  "version" "6.0.0"
  dependencies:
    "yallist" "^4.0.0"

"mime-db@1.52.0":
  "integrity" "sha512-sPU4uV7dYlvtWJxwwxHD0PuihVNiE7TyAbQ5SWxDCB9mUYvOgroQOwYQQOKPJ8CIbE+1ETVlOoK1UC2nU3gYvg=="
  "resolved" "https://registry.npmjs.org/mime-db/-/mime-db-1.52.0.tgz"
  "version" "1.52.0"

"mime-types@^2.1.12":
  "integrity" "sha512-ZDY+bPm5zTTF+YpCrAU9nK0UgICYPT0QtT1NZWFv4s++TNkcgVaT0g6+4R2uI4MjQjzysHB1zxuWL50hzaeXiw=="
  "resolved" "https://registry.npmjs.org/mime-types/-/mime-types-2.1.35.tgz"
  "version" "2.1.35"
  dependencies:
    "mime-db" "1.52.0"

"moment-timezone@^0.5.35":
  "integrity" "sha512-e0jGNZDOHfBXJGz8vR/sIMXvBIGJJcqFjmlg9lmE+5KX1U7/RZNMswfD8nKnNCnQdKTIj50IaRKwl1fvMLyyRg=="
  "resolved" "https://registry.npmjs.org/moment-timezone/-/moment-timezone-0.5.41.tgz"
  "version" "0.5.41"
  dependencies:
    "moment" "^2.29.4"

"moment@^2.29.1", "moment@^2.29.4":
  "integrity" "sha512-5LC9SOxjSc2HF6vO2CyuTDNivEdoz2IvyJJGj6X8DJ0eFyfszE0QiEd+iXmBvUP3WHxSjFH/vIsA0EN00cgr8w=="
  "resolved" "https://registry.npmjs.org/moment/-/moment-2.29.4.tgz"
  "version" "2.29.4"

"ms@2.1.2":
  "integrity" "sha512-sGkPx+VjMtmA6MX27oA4FBFELFCZZ4S4XqeGOXCv68tT+jb3vk/RyaKWP0PTKyWtmLSM0b+adUTEvbs1PEaH2w=="
  "resolved" "https://registry.npmjs.org/ms/-/ms-2.1.2.tgz"
  "version" "2.1.2"

"packet-reader@1.0.0":
  "integrity" "sha512-HAKu/fG3HpHFO0AA8WE8q2g+gBJaZ9MG7fcKk+IJPLTGAD6Psw4443l+9DGRbOIh3/aXr7Phy0TjilYivJo5XQ=="
  "resolved" "https://registry.npmjs.org/packet-reader/-/packet-reader-1.0.0.tgz"
  "version" "1.0.0"

"pg-connection-string@^2.5.0":
  "integrity" "sha512-r5o/V/ORTA6TmUnyWZR9nCj1klXCO2CEKNRlVuJptZe85QuhFayC7WeMic7ndayT5IRIR0S0xFxFi2ousartlQ=="
  "resolved" "https://registry.npmjs.org/pg-connection-string/-/pg-connection-string-2.5.0.tgz"
  "version" "2.5.0"

"pg-int8@1.0.1":
  "integrity" "sha512-WCtabS6t3c8SkpDBUlb1kjOs7l66xsGdKpIPZsg4wR+B3+u9UAum2odSsF9tnvxg80h4ZxLWMy4pRjOsFIqQpw=="
  "resolved" "https://registry.npmjs.org/pg-int8/-/pg-int8-1.0.1.tgz"
  "version" "1.0.1"

"pg-pool@^3.5.2":
  "integrity" "sha512-His3Fh17Z4eg7oANLob6ZvH8xIVen3phEZh2QuyrIl4dQSDVEabNducv6ysROKpDNPSD+12tONZVWfSgMvDD9w=="
  "resolved" "https://registry.npmjs.org/pg-pool/-/pg-pool-3.5.2.tgz"
  "version" "3.5.2"

"pg-protocol@^1.6.0":
  "integrity" "sha512-M+PDm637OY5WM307051+bsDia5Xej6d9IR4GwJse1qA1DIhiKlksvrneZOYQq42OM+spubpcNYEo2FcKQrDk+Q=="
  "resolved" "https://registry.npmjs.org/pg-protocol/-/pg-protocol-1.6.0.tgz"
  "version" "1.6.0"

"pg-types@^2.1.0":
  "integrity" "sha512-qTAAlrEsl8s4OiEQY69wDvcMIdQN6wdz5ojQiOy6YRMuynxenON0O5oCpJI6lshc6scgAY8qvJ2On/p+CXY0GA=="
  "resolved" "https://registry.npmjs.org/pg-types/-/pg-types-2.2.0.tgz"
  "version" "2.2.0"
  dependencies:
    "pg-int8" "1.0.1"
    "postgres-array" "~2.0.0"
    "postgres-bytea" "~1.0.0"
    "postgres-date" "~1.0.4"
    "postgres-interval" "^1.1.0"

"pg@^8.9.0", "pg@>=8.0":
  "integrity" "sha512-ZJM+qkEbtOHRuXjmvBtOgNOXOtLSbxiMiUVMgE4rV6Zwocy03RicCVvDXgx8l4Biwo8/qORUnEqn2fdQzV7KCg=="
  "resolved" "https://registry.npmjs.org/pg/-/pg-8.9.0.tgz"
  "version" "8.9.0"
  dependencies:
    "buffer-writer" "2.0.0"
    "packet-reader" "1.0.0"
    "pg-connection-string" "^2.5.0"
    "pg-pool" "^3.5.2"
    "pg-protocol" "^1.6.0"
    "pg-types" "^2.1.0"
    "pgpass" "1.x"

"pgpass@1.x":
  "integrity" "sha512-FdW9r/jQZhSeohs1Z3sI1yxFQNFvMcnmfuj4WBMUTxOrAyLMaTcE1aAMBiTlbMNaXvBCQuVi0R7hd8udDSP7ug=="
  "resolved" "https://registry.npmjs.org/pgpass/-/pgpass-1.0.5.tgz"
  "version" "1.0.5"
  dependencies:
    "split2" "^4.1.0"

"postgres-array@~2.0.0":
  "integrity" "sha512-VpZrUqU5A69eQyW2c5CA1jtLecCsN2U/bD6VilrFDWq5+5UIEVO7nazS3TEcHf1zuPYO/sqGvUvW62g86RXZuA=="
  "resolved" "https://registry.npmjs.org/postgres-array/-/postgres-array-2.0.0.tgz"
  "version" "2.0.0"

"postgres-bytea@~1.0.0":
  "integrity" "sha512-xy3pmLuQqRBZBXDULy7KbaitYqLcmxigw14Q5sj8QBVLqEwXfeybIKVWiqAXTlcvdvb0+xkOtDbfQMOf4lST1w=="
  "resolved" "https://registry.npmjs.org/postgres-bytea/-/postgres-bytea-1.0.0.tgz"
  "version" "1.0.0"

"postgres-date@~1.0.4":
  "integrity" "sha512-suDmjLVQg78nMK2UZ454hAG+OAW+HQPZ6n++TNDUX+L0+uUlLywnoxJKDou51Zm+zTCjrCl0Nq6J9C5hP9vK/Q=="
  "resolved" "https://registry.npmjs.org/postgres-date/-/postgres-date-1.0.7.tgz"
  "version" "1.0.7"

"postgres-interval@^1.1.0":
  "integrity" "sha512-9ZhXKM/rw350N1ovuWHbGxnGh/SNJ4cnxHiM0rxE4VN41wsg8P8zWn9hv/buK00RP4WvlOyr/RBDiptyxVbkZQ=="
  "resolved" "https://registry.npmjs.org/postgres-interval/-/postgres-interval-1.2.0.tgz"
  "version" "1.2.0"
  dependencies:
    "xtend" "^4.0.0"

"proxy-from-env@^1.1.0":
  "integrity" "sha512-D+zkORCbA9f1tdWRK0RaCR3GPv50cMxcrz4X8k5LTSUD1Dkw47mKJEZQNunItRTkWwgtaUSo1RVFRIG9ZXiFYg=="
  "resolved" "https://registry.npmjs.org/proxy-from-env/-/proxy-from-env-1.1.0.tgz"
  "version" "1.1.0"

"retry-as-promised@^7.0.3":
  "integrity" "sha512-XgmCoxKWkDofwH8WddD0w85ZfqYz+ZHlr5yo+3YUCfycWawU56T5ckWXsScsj5B8tqUcIG67DxXByo3VUgiAdA=="
  "resolved" "https://registry.npmjs.org/retry-as-promised/-/retry-as-promised-7.0.4.tgz"
  "version" "7.0.4"

"semver@^7.3.5":
  "integrity" "sha512-NB1ctGL5rlHrPJtFDVIVzTyQylMLu9N9VICA6HSFJo8MCGVTMW6gfpicwKmmK/dAjTOrqu5l63JJOpDSrAis3A=="
  "resolved" "https://registry.npmjs.org/semver/-/semver-7.3.8.tgz"
  "version" "7.3.8"
  dependencies:
    "lru-cache" "^6.0.0"

"sequelize-pool@^7.1.0":
  "integrity" "sha512-G9c0qlIWQSK29pR/5U2JF5dDQeqqHRragoyahj/Nx4KOOQ3CPPfzxnfqFPCSB7x5UgjOgnZ61nSxz+fjDpRlJg=="
  "resolved" "https://registry.npmjs.org/sequelize-pool/-/sequelize-pool-7.1.0.tgz"
  "version" "7.1.0"

"sequelize@^6.29.0":
  "integrity" "sha512-m8Wi90rs3NZP9coXE52c7PL4Q078nwYZXqt1IxPvgki7nOFn0p/F0eKsYDBXCPw9G8/BCEa6zZNk0DQUAT4ypA=="
  "resolved" "https://registry.npmjs.org/sequelize/-/sequelize-6.29.0.tgz"
  "version" "6.29.0"
  dependencies:
    "@types/debug" "^4.1.7"
    "@types/validator" "^13.7.1"
    "debug" "^4.3.3"
    "dottie" "^2.0.2"
    "inflection" "^1.13.2"
    "lodash" "^4.17.21"
    "moment" "^2.29.1"
    "moment-timezone" "^0.5.35"
    "pg-connection-string" "^2.5.0"
    "retry-as-promised" "^7.0.3"
    "semver" "^7.3.5"
    "sequelize-pool" "^7.1.0"
    "toposort-class" "^1.0.1"
    "uuid" "^8.3.2"
    "validator" "^13.7.0"
    "wkx" "^0.5.0"

"split2@^4.1.0":
  "integrity" "sha512-VBiJxFkxiXRlUIeyMQi8s4hgvKCSjtknJv/LVYbrgALPwf5zSKmEwV9Lst25AkvMDnvxODugjdl6KZgwKM1WYQ=="
  "resolved" "https://registry.npmjs.org/split2/-/split2-4.1.0.tgz"
  "version" "4.1.0"

"toposort-class@^1.0.1":
  "integrity" "sha512-OsLcGGbYF3rMjPUf8oKktyvCiUxSbqMMS39m33MAjLTC1DVIH6x3WSt63/M77ihI09+Sdfk1AXvfhCEeUmC7mg=="
  "resolved" "https://registry.npmjs.org/toposort-class/-/toposort-class-1.0.1.tgz"
  "version" "1.0.1"

"uuid@^8.3.2":
  "integrity" "sha512-+NYs2QeMWy+GWFOEm9xnn6HCDp0l7QBD7ml8zLUmJ+93Q5NF0NocErnwkTkXVFNiX3/fpC6afS8Dhb/gz7R7eg=="
  "resolved" "https://registry.npmjs.org/uuid/-/uuid-8.3.2.tgz"
  "version" "8.3.2"

"validator@^13.7.0":
  "integrity" "sha512-B+dGG8U3fdtM0/aNK4/X8CXq/EcxU2WPrPEkJGslb47qyHsxmbggTWK0yEA4qnYVNF+nxNlN88o14hIcPmSIEA=="
  "resolved" "https://registry.npmjs.org/validator/-/validator-13.9.0.tgz"
  "version" "13.9.0"

"wkx@^0.5.0":
  "integrity" "sha512-Xng/d4Ichh8uN4l0FToV/258EjMGU9MGcA0HV2d9B/ZpZB3lqQm7nkOdZdm5GhKtLLhAE7PiVQwN4eN+2YJJUg=="
  "resolved" "https://registry.npmjs.org/wkx/-/wkx-0.5.0.tgz"
  "version" "0.5.0"
  dependencies:
    "@types/node" "*"

"xtend@^4.0.0":
  "integrity" "sha512-LKYU1iAXJXUgAXn9URjiu+MWhyUXHsvfp7mcuYm9dSUKK0/CjtrUwFAxD82/mCWbtLsGjFIad0wIsod4zrTAEQ=="
  "resolved" "https://registry.npmjs.org/xtend/-/xtend-4.0.2.tgz"
  "version" "4.0.2"

"yallist@^4.0.0":
  "integrity" "sha512-3wdGidZyq5PB084XLES5TpOSRA3wjXAlIWMhum2kRcv/41Sn2emQ0dycQW4uZXLejwKvg6EsvbdlVL+FYEct7A=="
  "resolved" "https://registry.npmjs.org/yallist/-/yallist-4.0.0.tgz"
  "version" "4.0.0"
